
Microsoft Visual Studio Solution File, Format Version 12.00
# Visual Studio Version 16
VisualStudioVersion = 16.0.31410.357
MinimumVisualStudioVersion = 10.0.40219.1
Project("{FAE04EC0-301F-11D3-BF4B-00C04F79EFBC}") = "BeatDownloaderLib", "BeatDownloaderLib\BeatDownloaderLib.csproj", "{608DB54A-1636-497D-BE99-4CED3C35FF1D}"
EndProject
Project("{9A19103F-16F7-4668-BE54-9A1E7A4F7556}") = "BeatDownloaderLib.Tests", "BeatDownloaderLib.Tests\BeatDownloaderLib.Tests.csproj", "{ED3FDB9D-92EE-4CD7-9F28-6EB115D38DCB}"
EndProject
Project("{FAE04EC0-301F-11D3-BF4B-00C04F79EFBC}") = "BeatDownloaderConsole", "BeatDownloaderConsole\BeatDownloaderConsole.csproj", "{48826091-8A0D-4FF1-B3B7-EB35A63BA304}"
EndProject
Global
	GlobalSection(SolutionConfigurationPlatforms) = preSolution
		Debug|Any CPU = Debug|Any CPU
		Release|Any CPU = Release|Any CPU
	EndGlobalSection
	GlobalSection(ProjectConfigurationPlatforms) = postSolution
		{608DB54A-1636-497D-BE99-4CED3C35FF1D}.Debug|Any CPU.ActiveCfg = Debug|Any CPU
		{608DB54A-1636-497D-BE99-4CED3C35FF1D}.Debug|Any CPU.Build.0 = Debug|Any CPU
		{608DB54A-1636-497D-BE99-4CED3C35FF1D}.Release|Any CPU.ActiveCfg = Release|Any CPU
		{608DB54A-1636-497D-BE99-4CED3C35FF1D}.Release|Any CPU.Build.0 = Release|Any CPU
		{ED3FDB9D-92EE-4CD7-9F28-6EB115D38DCB}.Debug|Any CPU.ActiveCfg = Debug|Any CPU
		{ED3FDB9D-92EE-4CD7-9F28-6EB115D38DCB}.Debug|Any CPU.Build.0 = Debug|Any CPU
		{ED3FDB9D-92EE-4CD7-9F28-6EB115D38DCB}.Release|Any CPU.ActiveCfg = Release|Any CPU
		{ED3FDB9D-92EE-4CD7-9F28-6EB115D38DCB}.Release|Any CPU.Build.0 = Release|Any CPU
		{48826091-8A0D-4FF1-B3B7-EB35A63BA304}.Debug|Any CPU.ActiveCfg = Debug|Any CPU
		{48826091-8A0D-4FF1-B3B7-EB35A63BA304}.Debug|Any CPU.Build.0 = Debug|Any CPU
		{48826091-8A0D-4FF1-B3B7-EB35A63BA304}.Release|Any CPU.ActiveCfg = Release|Any CPU
		{48826091-8A0D-4FF1-B3B7-EB35A63BA304}.Release|Any CPU.Build.0 = Release|Any CPU
	EndGlobalSection
	GlobalSection(SolutionProperties) = preSolution
		HideSolutionNode = FALSE
	EndGlobalSection
	GlobalSection(ExtensibilityGlobals) = postSolution
		SolutionGuid = {20E27C27-5CA9-4D49-A4F8-82C44AC55FD6}
	EndGlobalSection
EndGlobal
